116629
/media/wangychu/Application/Local_Applications/Java/jdk-17.0.5_openjdk/bin/java -agentlib:jdwp=transport=dt_socket,address=127.0.0.1:37865,suspend=y,server=n -javaagent:/media/wangychu/Application/Local_Applications/JetBrains/idea-IU-251.26094.121/plugins/java/lib/rt/debugger-agent.jar=file:///tmp/capture8253953126609286693.props --add-opens=jdk.management/com.sun.management.internal=ALL-UNNAMED --add-opens=java.base/jdk.internal.misc=ALL-UNNAMED --add-opens=java.base/sun.nio.ch=ALL-UNNAMED --add-opens=java.management/com.sun.jmx.mbeanserver=ALL-UNNAMED --add-opens=jdk.internal.jvmstat/sun.jvmstat.monitor=ALL-UNNAMED --add-opens=java.base/sun.reflect.generics.reflectiveObjects=ALL-UNNAMED --add-opens=java.base/java.io=ALL-UNNAMED --add-opens=java.base/java.nio=ALL-UNNAMED --add-opens=java.base/java.util=ALL-UNNAMED --add-opens=java.base/java.lang=ALL-UNNAMED --add-opens=java.base/java.lang.invoke=ALL-UNNAMED --add-opens=java.base/sun.security.action=ALL-UNNAMED -XX:TieredStopAtLevel=1 -Dspring.output.ansi.enabled=always -Dcom.sun.management.jmxremote -Dspring.jmx.enabled=true -Dspring.liveBeansView.mbeanDomain -Dspring.application.admin.enabled=true -Dmanagement.endpoints.jmx.exposure.include=* -Dvaadin.copilot.pluginDotFilePath=/media/wangychu/Application/Local_SCM/DataOcean&CloudGraph/docg_systemAdmin/.idea/.copilot-plugin -Dkotlinx.coroutines.debug.enable.creation.stack.trace=false -Ddebugger.agent.enable.coroutines=true -Dkotlinx.coroutines.debug.enable.flows.stack.trace=true -Dkotlinx.coroutines.debug.enable.mutable.state.flows.stack.trace=true -Dfile.encoding=UTF-8 -classpath /media/wangychu/Application/Local_SCM/DataOcean&CloudGraph/docg_systemAdmin/target/classes:/home/wangychu/.m2/repository/com/vaadin/vaadin/24.9.4/vaadin-24.9.4.jar:/home/wangychu/.m2/repository/com/vaadin/vaadin-internal/24.9.4/vaadin-internal-24.9.4.jar:/home/wangychu/.m2/repository/com/vaadin/vaadin-core-internal/24.9.4/vaadin-core-internal-24.9.4.jar:/home/wangychu/.m2/repository/com/vaadin/flow-lit-template/24.9.4/flow-lit-template-24.9.4.jar:/home/wangychu/.m2/repository/com/vaadin/flow-react/24.9.4/flow-react-24.9.4.jar:/home/wangychu/.m2/repository/com/vaadin/flow-html-components/24.9.4/flow-html-components-24.9.4.jar:/home/wangychu/.m2/repository/com/vaadin/flow-dnd/24.9.4/flow-dnd-24.9.4.jar:/home/wangychu/.m2/repository/com/vaadin/vaadin-lumo-theme/24.9.4/vaadin-lumo-theme-24.9.4.jar:/home/wangychu/.m2/repository/com/vaadin/vaadin-icons-flow/24.9.4/vaadin-icons-flow-24.9.4.jar:/home/wangychu/.m2/repository/com/vaadin/vaadin-material-theme/24.9.4/vaadin-material-theme-24.9.4.jar:/home/wangychu/.m2/repository/com/vaadin/vaadin-core-components/24.9.4/vaadin-core-components-24.9.4.jar:/home/wangychu/.m2/repository/com/vaadin/vaadin-accordion-flow/24.9.4/vaadin-accordion-flow-24.9.4.jar:/home/wangychu/.m2/repository/com/vaadin/vaadin-avatar-flow/24.9.4/vaadin-avatar-flow-24.9.4.jar:/home/wangychu/.m2/repository/com/vaadin/vaadin-card-flow/24.9.4/vaadin-card-flow-24.9.4.jar:/home/wangychu/.m2/repository/com/vaadin/vaadin-checkbox-flow/24.9.4/vaadin-checkbox-flow-24.9.4.jar:/home/wangychu/.m2/repository/com/vaadin/vaadin-combo-box-flow/24.9.4/vaadin-combo-box-flow-24.9.4.jar:/home/wangychu/.m2/repository/com/vaadin/vaadin-confirm-dialog-flow/24.9.4/vaadin-confirm-dialog-flow-24.9.4.jar:/home/wangychu/.m2/repository/com/vaadin/vaadin-custom-field-flow/24.9.4/vaadin-custom-field-flow-24.9.4.jar:/home/wangychu/.m2/repository/com/vaadin/vaadin-date-picker-flow/24.9.4/vaadin-date-picker-flow-24.9.4.jar:/home/wangychu/.m2/repository/com/vaadin/vaadin-date-time-picker-flow/24.9.4/vaadin-date-time-picker-flow-24.9.4.jar:/home/wangychu/.m2/repository/com/vaadin/vaadin-details-flow/24.9.4/vaadin-details-flow-24.9.4.jar:/home/wangychu/.m2/repository/com/vaadin/vaadin-time-picker-flow/24.9.4/vaadin-time-picker-flow-24.9.4.jar:/home/wangychu/.m2/repository/com/vaadin/vaadin-select-flow/24.9.4/vaadin-select-flow-24.9.4.jar:/home/wangychu/.m2/repository/com/vaadin/vaadin-side-nav-flow/24.9.4/vaadin-side-nav-flow-24.9.4.jar:/home/wangychu/.m2/repository/co
