13659
/media/wangychu/Application/Local_Applications/Java/jdk-21.0.7_oracle/bin/java -agentlib:jdwp=transport=dt_socket,address=127.0.0.1:53319,suspend=y,server=n -javaagent:/media/wangychu/Application/Local_Applications/JetBrains/idea-IU-251.26094.121/plugins/java/lib/rt/debugger-agent.jar=file:///tmp/capture4333140859234355696.props --add-opens=jdk.management/com.sun.management.internal=ALL-UNNAMED --add-opens=java.base/jdk.internal.misc=ALL-UNNAMED --add-opens=java.base/sun.nio.ch=ALL-UNNAMED --add-opens=java.management/com.sun.jmx.mbeanserver=ALL-UNNAMED --add-opens=jdk.internal.jvmstat/sun.jvmstat.monitor=ALL-UNNAMED --add-opens=java.base/sun.reflect.generics.reflectiveObjects=ALL-UNNAMED --add-opens=java.base/java.io=ALL-UNNAMED --add-opens=java.base/java.nio=ALL-UNNAMED --add-opens=java.base/java.util=ALL-UNNAMED --add-opens=java.base/java.lang=ALL-UNNAMED --add-opens=java.base/java.lang.invoke=ALL-UNNAMED --add-opens=java.base/sun.security.action=ALL-UNNAMED -XX:TieredStopAtLevel=1 -Dspring.output.ansi.enabled=always -Dcom.sun.management.jmxremote -Dspring.jmx.enabled=true -Dspring.liveBeansView.mbeanDomain -Dspring.application.admin.enabled=true -Dmanagement.endpoints.jmx.exposure.include=* -Dvaadin.copilot.pluginDotFilePath=/media/wangychu/Application/Local_SCM/DataOcean&CloudGraph/docg_systemAdmin/.idea/.copilot-plugin -Dkotlinx.coroutines.debug.enable.creation.stack.trace=false -Ddebugger.agent.enable.coroutines=true -Dkotlinx.coroutines.debug.enable.flows.stack.trace=true -Dkotlinx.coroutines.debug.enable.mutable.state.flows.stack.trace=true -Ddebugger.async.stack.trace.for.all.threads=true -Dfile.encoding=UTF-8 -Dsun.stdout.encoding=UTF-8 -Dsun.stderr.encoding=UTF-8 -classpath /media/wangychu/Application/Local_SCM/DataOcean&CloudGraph/docg_systemAdmin/target/classes:/home/wangychu/.m2/repository/com/vaadin/vaadin/25.1.1/vaadin-25.1.1.jar:/home/wangychu/.m2/repository/com/vaadin/vaadin-internal/25.1.1/vaadin-internal-25.1.1.jar:/home/wangychu/.m2/repository/com/vaadin/vaadin-core-internal/25.1.1/vaadin-core-internal-25.1.1.jar:/home/wangychu/.m2/repository/com/vaadin/flow-lit-template/25.1.1/flow-lit-template-25.1.1.jar:/home/wangychu/.m2/repository/com/vaadin/flow-react/25.1.1/flow-react-25.1.1.jar:/home/wangychu/.m2/repository/com/vaadin/flow-html-components/25.1.1/flow-html-components-25.1.1.jar:/home/wangychu/.m2/repository/com/vaadin/flow-dnd/25.1.1/flow-dnd-25.1.1.jar:/home/wangychu/.m2/repository/com/vaadin/vaadin-lumo-theme/25.1.1/vaadin-lumo-theme-25.1.1.jar:/home/wangychu/.m2/repository/com/vaadin/vaadin-icons-flow/25.1.1/vaadin-icons-flow-25.1.1.jar:/home/wangychu/.m2/repository/com/vaadin/vaadin-aura-theme/25.1.1/vaadin-aura-theme-25.1.1.jar:/home/wangychu/.m2/repository/com/vaadin/vaadin-core-components/25.1.1/vaadin-core-components-25.1.1.jar:/home/wangychu/.m2/repository/com/vaadin/vaadin-ai-components-flow/25.1.1/vaadin-ai-components-flow-25.1.1.jar:/home/wangychu/.m2/repository/com/vaadin/vaadin-accordion-flow/25.1.1/vaadin-accordion-flow-25.1.1.jar:/home/wangychu/.m2/repository/com/vaadin/vaadin-avatar-flow/25.1.1/vaadin-avatar-flow-25.1.1.jar:/home/wangychu/.m2/repository/com/vaadin/vaadin-badge-flow/25.1.1/vaadin-badge-flow-25.1.1.jar:/home/wangychu/.m2/repository/com/vaadin/vaadin-card-flow/25.1.1/vaadin-card-flow-25.1.1.jar:/home/wangychu/.m2/repository/com/vaadin/vaadin-checkbox-flow/25.1.1/vaadin-checkbox-flow-25.1.1.jar:/home/wangychu/.m2/repository/com/vaadin/vaadin-combo-box-flow/25.1.1/vaadin-combo-box-flow-25.1.1.jar:/home/wangychu/.m2/repository/com/vaadin/vaadin-confirm-dialog-flow/25.1.1/vaadin-confirm-dialog-flow-25.1.1.jar:/home/wangychu/.m2/repository/com/vaadin/vaadin-custom-field-flow/25.1.1/vaadin-custom-field-flow-25.1.1.jar:/home/wangychu/.m2/repository/com/vaadin/vaadin-date-picker-flow/25.1.1/vaadin-date-picker-flow-25.1.1.jar:/home/wangychu/.m2/repository/com/vaadin/vaadin-date-time-picker-flow/25.1.1/vaadin-date-time-picker-flow-25.1.1.jar:/home/wangychu/.m2/repository/com/vaadin/vaadin-details-flow/25.1.1/vaadin-details-flow-25.1.1.jar:/home/wangychu/.m2/repository/com/
